
Microsoft Visual Studio Solution File, Format Version 12.00
# Visual Studio 14
VisualStudioVersion = 14.0.25420.1
MinimumVisualStudioVersion = 10.0.40219.1
Project("{FAE04EC0-301F-11D3-BF4B-00C04F79EFBC}") = "WhiteAutomationFramework.Specs", "WhiteAutomationFramework.Specs\WhiteAutomationFramework.Specs.csproj", "{EE8E9E32-6009-4AD8-81DF-68EEEEE1DD71}"
EndProject
Project("{FAE04EC0-301F-11D3-BF4B-00C04F79EFBC}") = "WhiteAutomationFramework.PageObject", "WhiteAutomationFramework.PageObject\WhiteAutomationFramework.PageObject.csproj", "{5CD9FCEA-2C33-48E9-B3BC-D79F23717821}"
EndProject
Project("{FAE04EC0-301F-11D3-BF4B-00C04F79EFBC}") = "WhiteAutomationFramework.Driver", "WhiteAutomationFramework.Window\WhiteAutomationFramework.Driver.csproj", "{62B1C65B-8A51-4BF5-9C8F-690F029AA3AB}"
EndProject
Project("{FAE04EC0-301F-11D3-BF4B-00C04F79EFBC}") = "WhiteAutomationFramework.Common", "WhiteAutomationFramework.Common\WhiteAutomationFramework.Common.csproj", "{A311ACF5-9B50-43E1-9258-A37011516401}"
EndProject
Global
	GlobalSection(SolutionConfigurationPlatforms) = preSolution
		Debug|Any CPU = Debug|Any CPU
		Release|Any CPU = Release|Any CPU
	EndGlobalSection
	GlobalSection(ProjectConfigurationPlatforms) = postSolution
		{EE8E9E32-6009-4AD8-81DF-68EEEEE1DD71}.Debug|Any CPU.ActiveCfg = Debug|Any CPU
		{EE8E9E32-6009-4AD8-81DF-68EEEEE1DD71}.Debug|Any CPU.Build.0 = Debug|Any CPU
		{EE8E9E32-6009-4AD8-81DF-68EEEEE1DD71}.Release|Any CPU.ActiveCfg = Release|Any CPU
		{EE8E9E32-6009-4AD8-81DF-68EEEEE1DD71}.Release|Any CPU.Build.0 = Release|Any CPU
		{5CD9FCEA-2C33-48E9-B3BC-D79F23717821}.Debug|Any CPU.ActiveCfg = Debug|Any CPU
		{5CD9FCEA-2C33-48E9-B3BC-D79F23717821}.Debug|Any CPU.Build.0 = Debug|Any CPU
		{5CD9FCEA-2C33-48E9-B3BC-D79F23717821}.Release|Any CPU.ActiveCfg = Release|Any CPU
		{5CD9FCEA-2C33-48E9-B3BC-D79F23717821}.Release|Any CPU.Build.0 = Release|Any CPU
		{62B1C65B-8A51-4BF5-9C8F-690F029AA3AB}.Debug|Any CPU.ActiveCfg = Debug|Any CPU
		{62B1C65B-8A51-4BF5-9C8F-690F029AA3AB}.Debug|Any CPU.Build.0 = Debug|Any CPU
		{62B1C65B-8A51-4BF5-9C8F-690F029AA3AB}.Release|Any CPU.ActiveCfg = Release|Any CPU
		{62B1C65B-8A51-4BF5-9C8F-690F029AA3AB}.Release|Any CPU.Build.0 = Release|Any CPU
		{A311ACF5-9B50-43E1-9258-A37011516401}.Debug|Any CPU.ActiveCfg = Debug|Any CPU
		{A311ACF5-9B50-43E1-9258-A37011516401}.Debug|Any CPU.Build.0 = Debug|Any CPU
		{A311ACF5-9B50-43E1-9258-A37011516401}.Release|Any CPU.ActiveCfg = Release|Any CPU
		{A311ACF5-9B50-43E1-9258-A37011516401}.Release|Any CPU.Build.0 = Release|Any CPU
	EndGlobalSection
	GlobalSection(SolutionProperties) = preSolution
		HideSolutionNode = FALSE
	EndGlobalSection
EndGlobal
